<?xml version="1.0" encoding="utf-8"?>
<Project ToolsVersion="4.0" xmlns="http://schemas.microsoft.com/developer/msbuild/2003">
  <ItemGroup>
    <Filter Include="Source Files">
      <UniqueIdentifier>{4FC737F1-C7A5-4376-A066-2A32D752A2FF}</UniqueIdentifier>
      <Extensions>cpp;c;cc;cxx;c++;def;odl;idl;hpj;bat;asm;asmx</Extensions>
    </Filter>
    <Filter Include="Header Files">
      <UniqueIdentifier>{93995380-89BD-4b04-88EB-625FBE52EBFB}</UniqueIdentifier>
      <Extensions>h;hh;hpp;hxx;h++;hm;inl;inc;ipp;xsd</Extensions>
    </Filter>
    <Filter Include="Resource Files">
      <UniqueIdentifier>{67DA6AB6-F800-4c08-8B7A-83BB121AAD01}</UniqueIdentifier>
      <Extensions>rc;ico;cur;bmp;dlg;rc2;rct;bin;rgs;gif;jpg;jpeg;jpe;resx;tiff;tif;png;wav;mfcribbon-ms</Extensions>
    </Filter>
    <Filter Include="TextView">
      <UniqueIdentifier>{3b764e47-8965-46bd-a31a-936c63b2e312}</UniqueIdentifier>
    </Filter>
    <Filter Include="TextView\Header Files">
      <UniqueIdentifier>{a2d448f7-f52f-4c5d-b878-b73d1fa16312}</UniqueIdentifier>
    </Filter>
    <Filter Include="TextView\Source Files">
      <UniqueIdentifier>{9531735e-6529-4e26-a079-83e322186abf}</UniqueIdentifier>
    </Filter>
  </ItemGroup>
  <ItemGroup>
    <ClInclude Include="framework.h">
      <Filter>Header Files</Filter>
    </ClInclude>
    <ClInclude Include="targetver.h">
      <Filter>Header Files</Filter>
    </ClInclude>
    <ClInclude Include="Resource.h">
      <Filter>Header Files</Filter>
    </ClInclude>
    <ClInclude Include="Bapad.h">
      <Filter>Header Files</Filter>
    </ClInclude>
    <ClInclude Include="TextView.h">
      <Filter>TextView\Header Files</Filter>
    </ClInclude>
    <ClInclude Include="TextViewWin32.h">
      <Filter>TextView\Header Files</Filter>
    </ClInclude>
    <ClInclude Include="FontStruct.h">
      <Filter>TextView\Header Files</Filter>
    </ClInclude>
  </ItemGroup>
  <ItemGroup>
    <ClCompile Include="Bapad.cpp">
      <Filter>Source Files</Filter>
    </ClCompile>
    <ClCompile Include="TextView.cpp">
      <Filter>TextView\Source Files</Filter>
    </ClCompile>
    <ClCompile Include="TextViewCtrChars.cpp">
      <Filter>TextView\Source Files</Filter>
    </ClCompile>
    <ClCompile Include="TextViewFile.cpp">
      <Filter>TextView\Source Files</Filter>
    </ClCompile>
    <ClCompile Include="TextViewFont.cpp">
      <Filter>TextView\Source Files</Filter>
    </ClCompile>
    <ClCompile Include="TextViewMouse.cpp">
      <Filter>TextView\Source Files</Filter>
    </ClCompile>
    <ClCompile Include="TextViewPaint.cpp">
      <Filter>TextView\Source Files</Filter>
    </ClCompile>
    <ClCompile Include="TextViewScoll.cpp">
      <Filter>TextView\Source Files</Filter>
    </ClCompile>
    <ClCompile Include="TextViewInput.cpp">
      <Filter>TextView\Source Files</Filter>
    </ClCompile>
  </ItemGroup>
  <ItemGroup>
    <ResourceCompile Include="Bapad.rc">
      <Filter>Resource Files</Filter>
    </ResourceCompile>
  </ItemGroup>
  <ItemGroup>
    <Image Include="small.ico">
      <Filter>Resource Files</Filter>
    </Image>
    <Image Include="Bapad.ico">
      <Filter>Resource Files</Filter>
    </Image>
    <Image Include="icon1.ico">
      <Filter>Resource Files</Filter>
    </Image>
    <Image Include="icon2.ico">
      <Filter>Resource Files</Filter>
    </Image>
  </ItemGroup>
</Project>